// !$*UTF8*$!
{
	archiveVersion = 1;
	classes = {
	};
	objectVersion = 50;
	objects = {

/* Begin PBXBuildFile section */
		74457A1B23053F3C00EC4859 /* CityListPresenterTest.swift in Sources */ = {isa = PBXBuildFile; fileRef = 74457A1A23053F3C00EC4859 /* CityListPresenterTest.swift */; };
		74564E9E22FC8B0C00CDF2CC /* AppDelegate.swift in Sources */ = {isa = PBXBuildFile; fileRef = 74564E9D22FC8B0C00CDF2CC /* AppDelegate.swift */; };
		74564EA022FC8B0C00CDF2CC /* ViewController.swift in Sources */ = {isa = PBXBuildFile; fileRef = 74564E9F22FC8B0C00CDF2CC /* ViewController.swift */; };
		74564EA522FC8B0E00CDF2CC /* Assets.xcassets in Resources */ = {isa = PBXBuildFile; fileRef = 74564EA422FC8B0E00CDF2CC /* Assets.xcassets */; };
		74564EA822FC8B0E00CDF2CC /* LaunchScreen.storyboard in Resources */ = {isa = PBXBuildFile; fileRef = 74564EA622FC8B0E00CDF2CC /* LaunchScreen.storyboard */; };
		74564EB322FC8B0E00CDF2CC /* CityListTests.swift in Sources */ = {isa = PBXBuildFile; fileRef = 74564EB222FC8B0E00CDF2CC /* CityListTests.swift */; };
		74564EBE22FC8B0E00CDF2CC /* CityListUITests.swift in Sources */ = {isa = PBXBuildFile; fileRef = 74564EBD22FC8B0E00CDF2CC /* CityListUITests.swift */; };
		74564ECF22FC94C000CDF2CC /* CityListRouter.swift in Sources */ = {isa = PBXBuildFile; fileRef = 74564ECE22FC94C000CDF2CC /* CityListRouter.swift */; };
		74564ED222FC9A9100CDF2CC /* SplitViewController.swift in Sources */ = {isa = PBXBuildFile; fileRef = 74564ED122FC9A9100CDF2CC /* SplitViewController.swift */; };
		74564ED422FC9AB200CDF2CC /* CityListViewController.swift in Sources */ = {isa = PBXBuildFile; fileRef = 74564ED322FC9AB200CDF2CC /* CityListViewController.swift */; };
		74564ED622FC9AD500CDF2CC /* CityMapViewController.swift in Sources */ = {isa = PBXBuildFile; fileRef = 74564ED522FC9AD500CDF2CC /* CityMapViewController.swift */; };
		74564ED822FCA7EC00CDF2CC /* CityListViewCell.swift in Sources */ = {isa = PBXBuildFile; fileRef = 74564ED722FCA7EC00CDF2CC /* CityListViewCell.swift */; };
		74564EDA22FCAA6400CDF2CC /* City.swift in Sources */ = {isa = PBXBuildFile; fileRef = 74564ED922FCAA6400CDF2CC /* City.swift */; };
		74564EDC22FCAA9500CDF2CC /* Coord.swift in Sources */ = {isa = PBXBuildFile; fileRef = 74564EDB22FCAA9500CDF2CC /* Coord.swift */; };
		74564EDE22FCAAF000CDF2CC /* AboutInfo.swift in Sources */ = {isa = PBXBuildFile; fileRef = 74564EDD22FCAAF000CDF2CC /* AboutInfo.swift */; };
		74564EE022FD452F00CDF2CC /* CityListPresenter.swift in Sources */ = {isa = PBXBuildFile; fileRef = 74564EDF22FD452F00CDF2CC /* CityListPresenter.swift */; };
		74564EE222FD458F00CDF2CC /* cities.json in Resources */ = {isa = PBXBuildFile; fileRef = 74564EE122FD458E00CDF2CC /* cities.json */; };
		74564EE822FD479400CDF2CC /* AboutPresenterProtocol.swift in Sources */ = {isa = PBXBuildFile; fileRef = 74564EE422FD479400CDF2CC /* AboutPresenterProtocol.swift */; };
		74564EEA22FD479400CDF2CC /* AboutModel.swift in Sources */ = {isa = PBXBuildFile; fileRef = 74564EE622FD479400CDF2CC /* AboutModel.swift */; };
		74564EEB22FD479400CDF2CC /* AboutView.swift in Sources */ = {isa = PBXBuildFile; fileRef = 74564EE722FD479400CDF2CC /* AboutView.swift */; };
		74564EED22FD485700CDF2CC /* AboutViewController.swift in Sources */ = {isa = PBXBuildFile; fileRef = 74564EEC22FD485700CDF2CC /* AboutViewController.swift */; };
		74564EEF22FD489E00CDF2CC /* aboutInfo.json in Resources */ = {isa = PBXBuildFile; fileRef = 74564EEE22FD489D00CDF2CC /* aboutInfo.json */; };
		74564EF022FDB82800CDF2CC /* cities.json in Resources */ = {isa = PBXBuildFile; fileRef = 74564EE122FD458E00CDF2CC /* cities.json */; };
		74564EF122FDB82800CDF2CC /* cities.json in Resources */ = {isa = PBXBuildFile; fileRef = 74564EE122FD458E00CDF2CC /* cities.json */; };
/* End PBXBuildFile section */

/* Begin PBXContainerItemProxy section */
		74564EAF22FC8B0E00CDF2CC /* PBXContainerItemProxy */ = {
			isa = PBXContainerItemProxy;
			containerPortal = 74564E9222FC8B0C00CDF2CC /* Project object */;
			proxyType = 1;
			remoteGlobalIDString = 74564E9922FC8B0C00CDF2CC;
			remoteInfo = CityList;
		};
		74564EBA22FC8B0E00CDF2CC /* PBXContainerItemProxy */ = {
			isa = PBXContainerItemProxy;
			containerPortal = 74564E9222FC8B0C00CDF2CC /* Project object */;
			proxyType = 1;
			remoteGlobalIDString = 74564E9922FC8B0C00CDF2CC;
			remoteInfo = CityList;
		};
/* End PBXContainerItemProxy section */

/* Begin PBXFileReference section */
		74457A1A23053F3C00EC4859 /* CityListPresenterTest.swift */ = {isa = PBXFileReference; lastKnownFileType = sourcecode.swift; path = CityListPresenterTest.swift; sourceTree = "<group>"; };
		74564E9A22FC8B0C00CDF2CC /* CityList.app */ = {isa = PBXFileReference; explicitFileType = wrapper.application; includeInIndex = 0; path = CityList.app; sourceTree = BUILT_PRODUCTS_DIR; };
		74564E9D22FC8B0C00CDF2CC /* AppDelegate.swift */ = {isa = PBXFileReference; lastKnownFileType = sourcecode.swift; path = AppDelegate.swift; sourceTree = "<group>"; };
		74564E9F22FC8B0C00CDF2CC /* ViewController.swift */ = {isa = PBXFileReference; lastKnownFileType = sourcecode.swift; path = ViewController.swift; sourceTree = "<group>"; };
		74564EA422FC8B0E00CDF2CC /* Assets.xcassets */ = {isa = PBXFileReference; lastKnownFileType = folder.assetcatalog; path = Assets.xcassets; sourceTree = "<group>"; };
		74564EA722FC8B0E00CDF2CC /* Base */ = {isa = PBXFileReference; lastKnownFileType = file.storyboard; name = Base; path = Base.lproj/LaunchScreen.storyboard; sourceTree = "<group>"; };
		74564EA922FC8B0E00CDF2CC /* Info.plist */ = {isa = PBXFileReference; lastKnownFileType = text.plist.xml; path = Info.plist; sourceTree = "<group>"; };
		74564EAE22FC8B0E00CDF2CC /* CityListTests.xctest */ = {isa = PBXFileReference; explicitFileType = wrapper.cfbundle; includeInIndex = 0; path = CityListTests.xctest; sourceTree = BUILT_PRODUCTS_DIR; };
		74564EB222FC8B0E00CDF2CC /* CityListTests.swift */ = {isa = PBXFileReference; lastKnownFileType = sourcecode.swift; path = CityListTests.swift; sourceTree = "<group>"; };
		74564EB422FC8B0E00CDF2CC /* Info.plist */ = {isa = PBXFileReference; lastKnownFileType = text.plist.xml; path = Info.plist; sourceTree = "<group>"; };
		74564EB922FC8B0E00CDF2CC /* CityListUITests.xctest */ = {isa = PBXFileReference; explicitFileType = wrapper.cfbundle; includeInIndex = 0; path = CityListUITests.xctest; sourceTree = BUILT_PRODUCTS_DIR; };
		74564EBD22FC8B0E00CDF2CC /* CityListUITests.swift */ = {isa = PBXFileReference; lastKnownFileType = sourcecode.swift; path = CityListUITests.swift; sourceTree = "<group>"; };
		74564EBF22FC8B0E00CDF2CC /* Info.plist */ = {isa = PBXFileReference; lastKnownFileType = text.plist.xml; path = Info.plist; sourceTree = "<group>"; };
		74564ECE22FC94C000CDF2CC /* CityListRouter.swift */ = {isa = PBXFileReference; lastKnownFileType = sourcecode.swift; path = CityListRouter.swift; sourceTree = "<group>"; };
		74564ED122FC9A9100CDF2CC /* SplitViewController.swift */ = {isa = PBXFileReference; lastKnownFileType = sourcecode.swift; path = SplitViewController.swift; sourceTree = "<group>"; };
		74564ED322FC9AB200CDF2CC /* CityListViewController.swift */ = {isa = PBXFileReference; lastKnownFileType = sourcecode.swift; path = CityListViewController.swift; sourceTree = "<group>"; };
		74564ED522FC9AD500CDF2CC /* CityMapViewController.swift */ = {isa = PBXFileReference; lastKnownFileType = sourcecode.swift; path = CityMapViewController.swift; sourceTree = "<group>"; };
		74564ED722FCA7EC00CDF2CC /* CityListViewCell.swift */ = {isa = PBXFileReference; lastKnownFileType = sourcecode.swift; path = CityListViewCell.swift; sourceTree = "<group>"; };
		74564ED922FCAA6400CDF2CC /* City.swift */ = {isa = PBXFileReference; lastKnownFileType = sourcecode.swift; path = City.swift; sourceTree = "<group>"; };
		74564EDB22FCAA9500CDF2CC /* Coord.swift */ = {isa = PBXFileReference; lastKnownFileType = sourcecode.swift; path = Coord.swift; sourceTree = "<group>"; };
		74564EDD22FCAAF000CDF2CC /* AboutInfo.swift */ = {isa = PBXFileReference; lastKnownFileType = sourcecode.swift; path = AboutInfo.swift; sourceTree = "<group>"; };
		74564EDF22FD452F00CDF2CC /* CityListPresenter.swift */ = {isa = PBXFileReference; lastKnownFileType = sourcecode.swift; path = CityListPresenter.swift; sourceTree = "<group>"; };
		74564EE122FD458E00CDF2CC /* cities.json */ = {isa = PBXFileReference; fileEncoding = 4; lastKnownFileType = text.json; path = cities.json; sourceTree = "<group>"; };
		74564EE422FD479400CDF2CC /* AboutPresenterProtocol.swift */ = {isa = PBXFileReference; fileEncoding = 4; lastKnownFileType = sourcecode.swift; path = AboutPresenterProtocol.swift; sourceTree = "<group>"; };
		74564EE622FD479400CDF2CC /* AboutModel.swift */ = {isa = PBXFileReference; fileEncoding = 4; lastKnownFileType = sourcecode.swift; path = AboutModel.swift; sourceTree = "<group>"; };
		74564EE722FD479400CDF2CC /* AboutView.swift */ = {isa = PBXFileReference; fileEncoding = 4; lastKnownFileType = sourcecode.swift; path = AboutView.swift; sourceTree = "<group>"; };
		74564EEC22FD485700CDF2CC /* AboutViewController.swift */ = {isa = PBXFileReference; lastKnownFileType = sourcecode.swift; path = AboutViewController.swift; sourceTree = "<group>"; };
		74564EEE22FD489D00CDF2CC /* aboutInfo.json */ = {isa = PBXFileReference; fileEncoding = 4; lastKnownFileType = text.json; path = aboutInfo.json; sourceTree = "<group>"; };
/* End PBXFileReference section */

/* Begin PBXFrameworksBuildPhase section */
		74564E9722FC8B0C00CDF2CC /* Frameworks */ = {
			isa = PBXFrameworksBuildPhase;
			buildActionMask = 2147483647;
			files = (
			);
			runOnlyForDeploymentPostprocessing = 0;
		};
		74564EAB22FC8B0E00CDF2CC /* Frameworks */ = {
			isa = PBXFrameworksBuildPhase;
			buildActionMask = 2147483647;
			files = (
			);
			runOnlyForDeploymentPostprocessing = 0;
		};
		74564EB622FC8B0E00CDF2CC /* Frameworks */ = {
			isa = PBXFrameworksBuildPhase;
			buildActionMask = 2147483647;
			files = (
			);
			runOnlyForDeploymentPostprocessing = 0;
		};
/* End PBXFrameworksBuildPhase section */

/* Begin PBXGroup section */
		74564E9122FC8B0C00CDF2CC = {
			isa = PBXGroup;
			children = (
				74564E9C22FC8B0C00CDF2CC /* CityList */,
				74564EB122FC8B0E00CDF2CC /* CityListTests */,
				74564EBC22FC8B0E00CDF2CC /* CityListUITests */,
				74564E9B22FC8B0C00CDF2CC /* Products */,
			);
			sourceTree = "<group>";
		};
		74564E9B22FC8B0C00CDF2CC /* Products */ = {
			isa = PBXGroup;
			children = (
				74564E9A22FC8B0C00CDF2CC /* CityList.app */,
				74564EAE22FC8B0E00CDF2CC /* CityListTests.xctest */,
				74564EB922FC8B0E00CDF2CC /* CityListUITests.xctest */,
			);
			name = Products;
			sourceTree = "<group>";
		};
		74564E9C22FC8B0C00CDF2CC /* CityList */ = {
			isa = PBXGroup;
			children = (
				74564EE322FD477100CDF2CC /* AboutInfo */,
				74564ECC22FC940F00CDF2CC /* CitySearch */,
				74564ECD22FC945200CDF2CC /* Models */,
				74564ECB22FC8D6E00CDF2CC /* Resources */,
				74564E9D22FC8B0C00CDF2CC /* AppDelegate.swift */,
				74564E9F22FC8B0C00CDF2CC /* ViewController.swift */,
			);
			path = CityList;
			sourceTree = "<group>";
		};
		74564EB122FC8B0E00CDF2CC /* CityListTests */ = {
			isa = PBXGroup;
			children = (
				74457A1A23053F3C00EC4859 /* CityListPresenterTest.swift */,
				74564EB222FC8B0E00CDF2CC /* CityListTests.swift */,
				74564EB422FC8B0E00CDF2CC /* Info.plist */,
			);
			path = CityListTests;
			sourceTree = "<group>";
		};
		74564EBC22FC8B0E00CDF2CC /* CityListUITests */ = {
			isa = PBXGroup;
			children = (
				74564EBD22FC8B0E00CDF2CC /* CityListUITests.swift */,
				74564EBF22FC8B0E00CDF2CC /* Info.plist */,
			);
			path = CityListUITests;
			sourceTree = "<group>";
		};
		74564ECB22FC8D6E00CDF2CC /* Resources */ = {
			isa = PBXGroup;
			children = (
				74564EEE22FD489D00CDF2CC /* aboutInfo.json */,
				74564EE122FD458E00CDF2CC /* cities.json */,
				74564EA422FC8B0E00CDF2CC /* Assets.xcassets */,
				74564EA622FC8B0E00CDF2CC /* LaunchScreen.storyboard */,
				74564EA922FC8B0E00CDF2CC /* Info.plist */,
			);
			path = Resources;
			sourceTree = "<group>";
		};
		74564ECC22FC940F00CDF2CC /* CitySearch */ = {
			isa = PBXGroup;
			children = (
				74564ED022FC9A6000CDF2CC /* View */,
				74564ECE22FC94C000CDF2CC /* CityListRouter.swift */,
				74564EDF22FD452F00CDF2CC /* CityListPresenter.swift */,
			);
			path = CitySearch;
			sourceTree = "<group>";
		};
		74564ECD22FC945200CDF2CC /* Models */ = {
			isa = PBXGroup;
			children = (
				74564ED922FCAA6400CDF2CC /* City.swift */,
				74564EDB22FCAA9500CDF2CC /* Coord.swift */,
				74564EDD22FCAAF000CDF2CC /* AboutInfo.swift */,
			);
			path = Models;
			sourceTree = "<group>";
		};
		74564ED022FC9A6000CDF2CC /* View */ = {
			isa = PBXGroup;
			children = (
				74564ED122FC9A9100CDF2CC /* SplitViewController.swift */,
				74564ED322FC9AB200CDF2CC /* CityListViewController.swift */,
				74564ED722FCA7EC00CDF2CC /* CityListViewCell.swift */,
				74564ED522FC9AD500CDF2CC /* CityMapViewController.swift */,
			);
			path = View;
			sourceTree = "<group>";
		};
		74564EE322FD477100CDF2CC /* AboutInfo */ = {
			isa = PBXGroup;
			children = (
				74564EE622FD479400CDF2CC /* AboutModel.swift */,
				74564EE422FD479400CDF2CC /* AboutPresenterProtocol.swift */,
				74564EE722FD479400CDF2CC /* AboutView.swift */,
				74564EEC22FD485700CDF2CC /* AboutViewController.swift */,
			);
			path = AboutInfo;
			sourceTree = "<group>";
		};
/* End PBXGroup section */

/* Begin PBXNativeTarget section */
		74564E9922FC8B0C00CDF2CC /* CityList */ = {
			isa = PBXNativeTarget;
			buildConfigurationList = 74564EC222FC8B0E00CDF2CC /* Build configuration list for PBXNativeTarget "CityList" */;
			buildPhases = (
				74564E9622FC8B0C00CDF2CC /* Sources */,
				74564E9722FC8B0C00CDF2CC /* Frameworks */,
				74564E9822FC8B0C00CDF2CC /* Resources */,
			);
			buildRules = (
			);
			dependencies = (
			);
			name = CityList;
			productName = CityList;
			productReference = 74564E9A22FC8B0C00CDF2CC /* CityList.app */;
			productType = "com.apple.product-type.application";
		};
		74564EAD22FC8B0E00CDF2CC /* CityListTests */ = {
			isa = PBXNativeTarget;
			buildConfigurationList = 74564EC522FC8B0E00CDF2CC /* Build configuration list for PBXNativeTarget "CityListTests" */;
			buildPhases = (
				74564EAA22FC8B0E00CDF2CC /* Sources */,
				74564EAB22FC8B0E00CDF2CC /* Frameworks */,
				74564EAC22FC8B0E00CDF2CC /* Resources */,
			);
			buildRules = (
			);
			dependencies = (
				74564EB022FC8B0E00CDF2CC /* PBXTargetDependency */,
			);
			name = CityListTests;
			productName = CityListTests;
			productReference = 74564EAE22FC8B0E00CDF2CC /* CityListTests.xctest */;
			productType = "com.apple.product-type.bundle.unit-test";
		};
		74564EB822FC8B0E00CDF2CC /* CityListUITests */ = {
			isa = PBXNativeTarget;
			buildConfigurationList = 74564EC822FC8B0E00CDF2CC /* Build configuration list for PBXNativeTarget "CityListUITests" */;
			buildPhases = (
				74564EB522FC8B0E00CDF2CC /* Sources */,
				74564EB622FC8B0E00CDF2CC /* Frameworks */,
				74564EB722FC8B0E00CDF2CC /* Resources */,
			);
			buildRules = (
			);
			dependencies = (
				74564EBB22FC8B0E00CDF2CC /* PBXTargetDependency */,
			);
			name = CityListUITests;
			productName = CityListUITests;
			productReference = 74564EB922FC8B0E00CDF2CC /* CityListUITests.xctest */;
			productType = "com.apple.product-type.bundle.ui-testing";
		};
/* End PBXNativeTarget section */

/* Begin PBXProject section */
		74564E9222FC8B0C00CDF2CC /* Project object */ = {
			isa = PBXProject;
			attributes = {
				LastSwiftUpdateCheck = 1020;
				LastUpgradeCheck = 1020;
				ORGANIZATIONNAME = "riza milani";
				TargetAttributes = {
					74564E9922FC8B0C00CDF2CC = {
						CreatedOnToolsVersion = 10.2.1;
					};
					74564EAD22FC8B0E00CDF2CC = {
						CreatedOnToolsVersion = 10.2.1;
						TestTargetID = 74564E9922FC8B0C00CDF2CC;
					};
					74564EB822FC8B0E00CDF2CC = {
						CreatedOnToolsVersion = 10.2.1;
						TestTargetID = 74564E9922FC8B0C00CDF2CC;
					};
				};
			};
			buildConfigurationList = 74564E9522FC8B0C00CDF2CC /* Build configuration list for PBXProject "CityList" */;
			compatibilityVersion = "Xcode 9.3";
			developmentRegion = en;
			hasScannedForEncodings = 0;
			knownRegions = (
				en,
				Base,
			);
			mainGroup = 74564E9122FC8B0C00CDF2CC;
			productRefGroup = 74564E9B22FC8B0C00CDF2CC /* Products */;
			projectDirPath = "";
			projectRoot = "";
			targets = (
				74564E9922FC8B0C00CDF2CC /* CityList */,
				74564EAD22FC8B0E00CDF2CC /* CityListTests */,
				74564EB822FC8B0E00CDF2CC /* CityListUITests */,
			);
		};
/* End PBXProject section */

/* Begin PBXResourcesBuildPhase section */
		74564E9822FC8B0C00CDF2CC /* Resources */ = {
			isa = PBXResourcesBuildPhase;
			buildActionMask = 2147483647;
			files = (
				74564EE222FD458F00CDF2CC /* cities.json in Resources */,
				74564EEF22FD489E00CDF2CC /* aboutInfo.json in Resources */,
				74564EA822FC8B0E00CDF2CC /* LaunchScreen.storyboard in Resources */,
				74564EA522FC8B0E00CDF2CC /* Assets.xcassets in Resources */,
			);
			runOnlyForDeploymentPostprocessing = 0;
		};
		74564EAC22FC8B0E00CDF2CC /* Resources */ = {
			isa = PBXResourcesBuildPhase;
			buildActionMask = 2147483647;
			files = (
				74564EF022FDB82800CDF2CC /* cities.json in Resources */,
			);
			runOnlyForDeploymentPostprocessing = 0;
		};
		74564EB722FC8B0E00CDF2CC /* Resources */ = {
			isa = PBXResourcesBuildPhase;
			buildActionMask = 2147483647;
			files = (
				74564EF122FDB82800CDF2CC /* cities.json in Resources */,
			);
			runOnlyForDeploymentPostprocessing = 0;
		};
/* End PBXResourcesBuildPhase section */

/* Begin PBXSourcesBuildPhase section */
		74564E9622FC8B0C00CDF2CC /* Sources */ = {
			isa = PBXSourcesBuildPhase;
			buildActionMask = 2147483647;
			files = (
				74564ED622FC9AD500CDF2CC /* CityMapViewController.swift in Sources */,
				74564ECF22FC94C000CDF2CC /* CityListRouter.swift in Sources */,
				74564EA022FC8B0C00CDF2CC /* ViewController.swift in Sources */,
				74564EED22FD485700CDF2CC /* AboutViewController.swift in Sources */,
				74564EDC22FCAA9500CDF2CC /* Coord.swift in Sources */,
				74564EEB22FD479400CDF2CC /* AboutView.swift in Sources */,
				74564E9E22FC8B0C00CDF2CC /* AppDelegate.swift in Sources */,
				74564EDE22FCAAF000CDF2CC /* AboutInfo.swift in Sources */,
				74564EE822FD479400CDF2CC /* AboutPresenterProtocol.swift in Sources */,
				74564EEA22FD479400CDF2CC /* AboutModel.swift in Sources */,
				74564ED422FC9AB200CDF2CC /* CityListViewController.swift in Sources */,
				74564ED822FCA7EC00CDF2CC /* CityListViewCell.swift in Sources */,
				74564EE022FD452F00CDF2CC /* CityListPresenter.swift in Sources */,
				74564EDA22FCAA6400CDF2CC /* City.swift in Sources */,
				74564ED222FC9A9100CDF2CC /* SplitViewController.swift in Sources */,
			);
			runOnlyForDeploymentPostprocessing = 0;
		};
		74564EAA22FC8B0E00CDF2CC /* Sources */ = {
			isa = PBXSourcesBuildPhase;
			buildActionMask = 2147483647;
			files = (
				74564EB322FC8B0E00CDF2CC /* CityListTests.swift in Sources */,
				74457A1B23053F3C00EC4859 /* CityListPresenterTest.swift in Sources */,
			);
			runOnlyForDeploymentPostprocessing = 0;
		};
		74564EB522FC8B0E00CDF2CC /* Sources */ = {
			isa = PBXSourcesBuildPhase;
			buildActionMask = 2147483647;
			files = (
				74564EBE22FC8B0E00CDF2CC /* CityListUITests.swift in Sources */,
			);
			runOnlyForDeploymentPostprocessing = 0;
		};
/* End PBXSourcesBuildPhase section */

/* Begin PBXTargetDependency section */
		74564EB022FC8B0E00CDF2CC /* PBXTargetDependency */ = {
			isa = PBXTargetDependency;
			target = 74564E9922FC8B0C00CDF2CC /* CityList */;
			targetProxy = 74564EAF22FC8B0E00CDF2CC /* PBXContainerItemProxy */;
		};
		74564EBB22FC8B0E00CDF2CC /* PBXTargetDependency */ = {
			isa = PBXTargetDependency;
			target = 74564E9922FC8B0C00CDF2CC /* CityList */;
			targetProxy = 74564EBA22FC8B0E00CDF2CC /* PBXContainerItemProxy */;
		};
/* End PBXTargetDependency section */

/* Begin PBXVariantGroup section */
		74564EA622FC8B0E00CDF2CC /* LaunchScreen.storyboard */ = {
			isa = PBXVariantGroup;
			children = (
				74564EA722FC8B0E00CDF2CC /* Base */,
			);
			name = LaunchScreen.storyboard;
			sourceTree = "<group>";
		};
/* End PBXVariantGroup section */

/* Begin XCBuildConfiguration section */
		74564EC022FC8B0E00CDF2CC /* Debug */ = {
			isa = XCBuildConfiguration;
			buildSettings = {
				ALWAYS_SEARCH_USER_PATHS = NO;
				CLANG_ANALYZER_NONNULL = YES;
				CLANG_ANALYZER_NUMBER_OBJECT_CONVERSION = YES_AGGRESSIVE;
				CLANG_CXX_LANGUAGE_STANDARD = "gnu++14";
				CLANG_CXX_LIBRARY = "libc++";
				CLANG_ENABLE_MODULES = YES;
				CLANG_ENABLE_OBJC_ARC = YES;
				CLANG_ENABLE_OBJC_WEAK = YES;
				CLANG_WARN_BLOCK_CAPTURE_AUTORELEASING = YES;
				CLANG_WARN_BOOL_CONVERSION = YES;
				CLANG_WARN_COMMA = YES;
				CLANG_WARN_CONSTANT_CONVERSION = YES;
				CLANG_WARN_DEPRECATED_OBJC_IMPLEMENTATIONS = YES;
				CLANG_WARN_DIRECT_OBJC_ISA_USAGE = YES_ERROR;
				CLANG_WARN_DOCUMENTATION_COMMENTS = YES;
				CLANG_WARN_EMPTY_BODY = YES;
				CLANG_WARN_ENUM_CONVERSION = YES;
				CLANG_WARN_INFINITE_RECURSION = YES;
				CLANG_WARN_INT_CONVERSION = YES;
				CLANG_WARN_NON_LITERAL_NULL_CONVERSION = YES;
				CLANG_WARN_OBJC_IMPLICIT_RETAIN_SELF = YES;
				CLANG_WARN_OBJC_LITERAL_CONVERSION = YES;
				CLANG_WARN_OBJC_ROOT_CLASS = YES_ERROR;
				CLANG_WARN_RANGE_LOOP_ANALYSIS = YES;
				CLANG_WARN_STRICT_PROTOTYPES = YES;
				CLANG_WARN_SUSPICIOUS_MOVE = YES;
				CLANG_WARN_UNGUARDED_AVAILABILITY = YES_AGGRESSIVE;
				CLANG_WARN_UNREACHABLE_CODE = YES;
				CLANG_WARN__DUPLICATE_METHOD_MATCH = YES;
				CODE_SIGN_IDENTITY = "iPhone Developer";
				COPY_PHASE_STRIP = NO;
				DEBUG_INFORMATION_FORMAT = dwarf;
				ENABLE_STRICT_OBJC_MSGSEND = YES;
				ENABLE_TESTABILITY = YES;
				GCC_C_LANGUAGE_STANDARD = gnu11;
				GCC_DYNAMIC_NO_PIC = NO;
				GCC_NO_COMMON_BLOCKS = YES;
				GCC_OPTIMIZATION_LEVEL = 0;
				GCC_PREPROCESSOR_DEFINITIONS = (
					"DEBUG=1",
					"$(inherited)",
				);
				GCC_WARN_64_TO_32_BIT_CONVERSION = YES;
				GCC_WARN_ABOUT_RETURN_TYPE = YES_ERROR;
				GCC_WARN_UNDECLARED_SELECTOR = YES;
				GCC_WARN_UNINITIALIZED_AUTOS = YES_AGGRESSIVE;
				GCC_WARN_UNUSED_FUNCTION = YES;
				GCC_WARN_UNUSED_VARIABLE = YES;
				IPHONEOS_DEPLOYMENT_TARGET = 12.2;
				MTL_ENABLE_DEBUG_INFO = INCLUDE_SOURCE;
				MTL_FAST_MATH = YES;
				ONLY_ACTIVE_ARCH = YES;
				SDKROOT = iphoneos;
				SWIFT_ACTIVE_COMPILATION_CONDITIONS = DEBUG;
				SWIFT_OPTIMIZATION_LEVEL = "-Onone";
			};
			name = Debug;
		};
		74564EC122FC8B0E00CDF2CC /* Release */ = {
			isa = XCBuildConfiguration;
			buildSettings = {
				ALWAYS_SEARCH_USER_PATHS = NO;
				CLANG_ANALYZER_NONNULL = YES;
				CLANG_ANALYZER_NUMBER_OBJECT_CONVERSION = YES_AGGRESSIVE;
				CLANG_CXX_LANGUAGE_STANDARD = "gnu++14";
				CLANG_CXX_LIBRARY = "libc++";
				CLANG_ENABLE_MODULES = YES;
				CLANG_ENABLE_OBJC_ARC = YES;
				CLANG_ENABLE_OBJC_WEAK = YES;
				CLANG_WARN_BLOCK_CAPTURE_AUTORELEASING = YES;
				CLANG_WARN_BOOL_CONVERSION = YES;
				CLANG_WARN_COMMA = YES;
				CLANG_WARN_CONSTANT_CONVERSION = YES;
				CLANG_WARN_DEPRECATED_OBJC_IMPLEMENTATIONS = YES;
				CLANG_WARN_DIRECT_OBJC_ISA_USAGE = YES_ERROR;
				CLANG_WARN_DOCUMENTATION_COMMENTS = YES;
				CLANG_WARN_EMPTY_BODY = YES;
				CLANG_WARN_ENUM_CONVERSION = YES;
				CLANG_WARN_INFINITE_RECURSION = YES;
				CLANG_WARN_INT_CONVERSION = YES;
				CLANG_WARN_NON_LITERAL_NULL_CONVERSION = YES;
				CLANG_WARN_OBJC_IMPLICIT_RETAIN_SELF = YES;
				CLANG_WARN_OBJC_LITERAL_CONVERSION = YES;
				CLANG_WARN_OBJC_ROOT_CLASS = YES_ERROR;
				CLANG_WARN_RANGE_LOOP_ANALYSIS = YES;
				CLANG_WARN_STRICT_PROTOTYPES = YES;
				CLANG_WARN_SUSPICIOUS_MOVE = YES;
				CLANG_WARN_UNGUARDED_AVAILABILITY = YES_AGGRESSIVE;
				CLANG_WARN_UNREACHABLE_CODE = YES;
				CLANG_WARN__DUPLICATE_METHOD_MATCH = YES;
				CODE_SIGN_IDENTITY = "iPhone Developer";
				COPY_PHASE_STRIP = NO;
				DEBUG_INFORMATION_FORMAT = "dwarf-with-dsym";
				ENABLE_NS_ASSERTIONS = NO;
				ENABLE_STRICT_OBJC_MSGSEND = YES;
				GCC_C_LANGUAGE_STANDARD = gnu11;
				GCC_NO_COMMON_BLOCKS = YES;
				GCC_WARN_64_TO_32_BIT_CONVERSION = YES;
				GCC_WARN_ABOUT_RETURN_TYPE = YES_ERROR;
				GCC_WARN_UNDECLARED_SELECTOR = YES;
				GCC_WARN_UNINITIALIZED_AUTOS = YES_AGGRESSIVE;
				GCC_WARN_UNUSED_FUNCTION = YES;
				GCC_WARN_UNUSED_VARIABLE = YES;
				IPHONEOS_DEPLOYMENT_TARGET = 12.2;
				MTL_ENABLE_DEBUG_INFO = NO;
				MTL_FAST_MATH = YES;
				SDKROOT = iphoneos;
				SWIFT_COMPILATION_MODE = wholemodule;
				SWIFT_OPTIMIZATION_LEVEL = "-O";
				VALIDATE_PRODUCT = YES;
			};
			name = Release;
		};
		74564EC322FC8B0E00CDF2CC /* Debug */ = {
			isa = XCBuildConfiguration;
			buildSettings = {
				ASSETCATALOG_COMPILER_APPICON_NAME = AppIcon;
				CODE_SIGN_STYLE = Automatic;
				DEVELOPMENT_TEAM = "";
				INFOPLIST_FILE = CityList/Resources/Info.plist;
				IPHONEOS_DEPLOYMENT_TARGET = 10.0;
				LD_RUNPATH_SEARCH_PATHS = (
					"$(inherited)",
					"@executable_path/Frameworks",
				);
				PRODUCT_BUNDLE_IDENTIFIER = com.rmt.test.CityList;
				PRODUCT_NAME = "$(TARGET_NAME)";
				SWIFT_VERSION = 4.2;
				TARGETED_DEVICE_FAMILY = "1,2";
			};
			name = Debug;
		};
		74564EC422FC8B0E00CDF2CC /* Release */ = {
			isa = XCBuildConfiguration;
			buildSettings = {
				ASSETCATALOG_COMPILER_APPICON_NAME = AppIcon;
				CODE_SIGN_STYLE = Automatic;
				DEVELOPMENT_TEAM = "";
				INFOPLIST_FILE = CityList/Resources/Info.plist;
				IPHONEOS_DEPLOYMENT_TARGET = 10.0;
				LD_RUNPATH_SEARCH_PATHS = (
					"$(inherited)",
					"@executable_path/Frameworks",
				);
				PRODUCT_BUNDLE_IDENTIFIER = com.rmt.test.CityList;
				PRODUCT_NAME = "$(TARGET_NAME)";
				SWIFT_VERSION = 4.2;
				TARGETED_DEVICE_FAMILY = "1,2";
			};
			name = Release;
		};
		74564EC622FC8B0E00CDF2CC /* Debug */ = {
			isa = XCBuildConfiguration;
			buildSettings = {
				ALWAYS_EMBED_SWIFT_STANDARD_LIBRARIES = YES;
				BUNDLE_LOADER = "$(TEST_HOST)";
				CODE_SIGN_STYLE = Automatic;
				INFOPLIST_FILE = CityListTests/Info.plist;
				LD_RUNPATH_SEARCH_PATHS = (
					"$(inherited)",
					"@executable_path/Frameworks",
					"@loader_path/Frameworks",
				);
				PRODUCT_BUNDLE_IDENTIFIER = com.rmt.test.CityListTests;
				PRODUCT_NAME = "$(TARGET_NAME)";
				SWIFT_VERSION = 5.0;
				TARGETED_DEVICE_FAMILY = "1,2";
				TEST_HOST = "$(BUILT_PRODUCTS_DIR)/CityList.app/CityList";
			};
			name = Debug;
		};
		74564EC722FC8B0E00CDF2CC /* Release */ = {
			isa = XCBuildConfiguration;
			buildSettings = {
				ALWAYS_EMBED_SWIFT_STANDARD_LIBRARIES = YES;
				BUNDLE_LOADER = "$(TEST_HOST)";
				CODE_SIGN_STYLE = Automatic;
				INFOPLIST_FILE = CityListTests/Info.plist;
				LD_RUNPATH_SEARCH_PATHS = (
					"$(inherited)",
					"@executable_path/Frameworks",
					"@loader_path/Frameworks",
				);
				PRODUCT_BUNDLE_IDENTIFIER = com.rmt.test.CityListTests;
				PRODUCT_NAME = "$(TARGET_NAME)";
				SWIFT_VERSION = 5.0;
				TARGETED_DEVICE_FAMILY = "1,2";
				TEST_HOST = "$(BUILT_PRODUCTS_DIR)/CityList.app/CityList";
			};
			name = Release;
		};
		74564EC922FC8B0E00CDF2CC /* Debug */ = {
			isa = XCBuildConfiguration;
			buildSettings = {
				ALWAYS_EMBED_SWIFT_STANDARD_LIBRARIES = YES;
				CODE_SIGN_STYLE = Automatic;
				INFOPLIST_FILE = CityListUITests/Info.plist;
				LD_RUNPATH_SEARCH_PATHS = (
					"$(inherited)",
					"@executable_path/Frameworks",
					"@loader_path/Frameworks",
				);
				PRODUCT_BUNDLE_IDENTIFIER = com.rmt.test.CityListUITests;
				PRODUCT_NAME = "$(TARGET_NAME)";
				SWIFT_VERSION = 5.0;
				TARGETED_DEVICE_FAMILY = "1,2";
				TEST_TARGET_NAME = CityList;
			};
			name = Debug;
		};
		74564ECA22FC8B0E00CDF2CC /* Release */ = {
			isa = XCBuildConfiguration;
			buildSettings = {
				ALWAYS_EMBED_SWIFT_STANDARD_LIBRARIES = YES;
				CODE_SIGN_STYLE = Automatic;
				INFOPLIST_FILE = CityListUITests/Info.plist;
				LD_RUNPATH_SEARCH_PATHS = (
					"$(inherited)",
					"@executable_path/Frameworks",
					"@loader_path/Frameworks",
				);
				PRODUCT_BUNDLE_IDENTIFIER = com.rmt.test.CityListUITests;
				PRODUCT_NAME = "$(TARGET_NAME)";
				SWIFT_VERSION = 5.0;
				TARGETED_DEVICE_FAMILY = "1,2";
				TEST_TARGET_NAME = CityList;
			};
			name = Release;
		};
/* End XCBuildConfiguration section */

/* Begin XCConfigurationList section */
		74564E9522FC8B0C00CDF2CC /* Build configuration list for PBXProject "CityList" */ = {
			isa = XCConfigurationList;
			buildConfigurations = (
				74564EC022FC8B0E00CDF2CC /* Debug */,
				74564EC122FC8B0E00CDF2CC /* Release */,
			);
			defaultConfigurationIsVisible = 0;
			defaultConfigurationName = Release;
		};
		74564EC222FC8B0E00CDF2CC /* Build configuration list for PBXNativeTarget "CityList" */ = {
			isa = XCConfigurationList;
			buildConfigurations = (
				74564EC322FC8B0E00CDF2CC /* Debug */,
				74564EC422FC8B0E00CDF2CC /* Release */,
			);
			defaultConfigurationIsVisible = 0;
			defaultConfigurationName = Release;
		};
		74564EC522FC8B0E00CDF2CC /* Build configuration list for PBXNativeTarget "CityListTests" */ = {
			isa = XCConfigurationList;
			buildConfigurations = (
				74564EC622FC8B0E00CDF2CC /* Debug */,
				74564EC722FC8B0E00CDF2CC /* Release */,
			);
			defaultConfigurationIsVisible = 0;
			defaultConfigurationName = Release;
		};
		74564EC822FC8B0E00CDF2CC /* Build configuration list for PBXNativeTarget "CityListUITests" */ = {
			isa = XCConfigurationList;
			buildConfigurations = (
				74564EC922FC8B0E00CDF2CC /* Debug */,
				74564ECA22FC8B0E00CDF2CC /* Release */,
			);
			defaultConfigurationIsVisible = 0;
			defaultConfigurationName = Release;
		};
/* End XCConfigurationList section */
	};
	rootObject = 74564E9222FC8B0C00CDF2CC /* Project object */;
}
